
Microsoft Visual Studio Solution File, Format Version 12.00
# Visual Studio Version 16
VisualStudioVersion = 16.0.32510.428
MinimumVisualStudioVersion = 10.0.40219.1
Project("{9A19103F-16F7-4668-BE54-9A1E7A4F7556}") = "Exo-Conversion", "Exo-Conversion\Exo-Conversion.csproj", "{D1F92429-063E-43CB-8DC9-8F10719FCF25}"
EndProject
Project("{9A19103F-16F7-4668-BE54-9A1E7A4F7556}") = "Exo-PairImpair", "Exo-PairImpair\Exo-PairImpair.csproj", "{50D20C6A-1B56-4DDE-B17F-B19B8E90629D}"
EndProject
Project("{9A19103F-16F7-4668-BE54-9A1E7A4F7556}") = "Exo-PierrePapierCiseaux", "Exo-PierrePapierCiseaux\Exo-PierrePapierCiseaux.csproj", "{1E548076-D18F-4875-BDCB-5330990AE186}"
EndProject
Project("{FAE04EC0-301F-11D3-BF4B-00C04F79EFBC}") = "Exo-Divisions", "Exo-Divisions\Exo-Divisions.csproj", "{E64866AD-1EEB-47C3-AD5E-663F924DB642}"
EndProject
Project("{FAE04EC0-301F-11D3-BF4B-00C04F79EFBC}") = "Exo-BBAN", "Exo-BBAN\Exo-BBAN.csproj", "{CCCCA64F-CDC9-431B-BF5D-6DE3437ACB52}"
EndProject
Global
	GlobalSection(SolutionConfigurationPlatforms) = preSolution
		Debug|Any CPU = Debug|Any CPU
		Release|Any CPU = Release|Any CPU
	EndGlobalSection
	GlobalSection(ProjectConfigurationPlatforms) = postSolution
		{D1F92429-063E-43CB-8DC9-8F10719FCF25}.Debug|Any CPU.ActiveCfg = Debug|Any CPU
		{D1F92429-063E-43CB-8DC9-8F10719FCF25}.Debug|Any CPU.Build.0 = Debug|Any CPU
		{D1F92429-063E-43CB-8DC9-8F10719FCF25}.Release|Any CPU.ActiveCfg = Release|Any CPU
		{D1F92429-063E-43CB-8DC9-8F10719FCF25}.Release|Any CPU.Build.0 = Release|Any CPU
		{50D20C6A-1B56-4DDE-B17F-B19B8E90629D}.Debug|Any CPU.ActiveCfg = Debug|Any CPU
		{50D20C6A-1B56-4DDE-B17F-B19B8E90629D}.Debug|Any CPU.Build.0 = Debug|Any CPU
		{50D20C6A-1B56-4DDE-B17F-B19B8E90629D}.Release|Any CPU.ActiveCfg = Release|Any CPU
		{50D20C6A-1B56-4DDE-B17F-B19B8E90629D}.Release|Any CPU.Build.0 = Release|Any CPU
		{1E548076-D18F-4875-BDCB-5330990AE186}.Debug|Any CPU.ActiveCfg = Debug|Any CPU
		{1E548076-D18F-4875-BDCB-5330990AE186}.Debug|Any CPU.Build.0 = Debug|Any CPU
		{1E548076-D18F-4875-BDCB-5330990AE186}.Release|Any CPU.ActiveCfg = Release|Any CPU
		{1E548076-D18F-4875-BDCB-5330990AE186}.Release|Any CPU.Build.0 = Release|Any CPU
		{E64866AD-1EEB-47C3-AD5E-663F924DB642}.Debug|Any CPU.ActiveCfg = Debug|Any CPU
		{E64866AD-1EEB-47C3-AD5E-663F924DB642}.Debug|Any CPU.Build.0 = Debug|Any CPU
		{E64866AD-1EEB-47C3-AD5E-663F924DB642}.Release|Any CPU.ActiveCfg = Release|Any CPU
		{E64866AD-1EEB-47C3-AD5E-663F924DB642}.Release|Any CPU.Build.0 = Release|Any CPU
		{CCCCA64F-CDC9-431B-BF5D-6DE3437ACB52}.Debug|Any CPU.ActiveCfg = Debug|Any CPU
		{CCCCA64F-CDC9-431B-BF5D-6DE3437ACB52}.Debug|Any CPU.Build.0 = Debug|Any CPU
		{CCCCA64F-CDC9-431B-BF5D-6DE3437ACB52}.Release|Any CPU.ActiveCfg = Release|Any CPU
		{CCCCA64F-CDC9-431B-BF5D-6DE3437ACB52}.Release|Any CPU.Build.0 = Release|Any CPU
	EndGlobalSection
	GlobalSection(SolutionProperties) = preSolution
		HideSolutionNode = FALSE
	EndGlobalSection
	GlobalSection(ExtensibilityGlobals) = postSolution
		SolutionGuid = {38EB96B8-79C0-4F8C-8D8D-3CF43F74F8E7}
	EndGlobalSection
EndGlobal
