
Microsoft Visual Studio Solution File, Format Version 12.00
# Visual Studio Version 16
VisualStudioVersion = 16.0.32510.428
MinimumVisualStudioVersion = 10.0.40219.1
Project("{9A19103F-16F7-4668-BE54-9A1E7A4F7556}") = "Exo-Conversion", "Exo-Conversion\Exo-Conversion.csproj", "{D1F92429-063E-43CB-8DC9-8F10719FCF25}"
EndProject
Project("{9A19103F-16F7-4668-BE54-9A1E7A4F7556}") = "Exo-PairImpair", "Exo-PairImpair\Exo-PairImpair.csproj", "{50D20C6A-1B56-4DDE-B17F-B19B8E90629D}"
EndProject
Project("{9A19103F-16F7-4668-BE54-9A1E7A4F7556}") = "Exo-PierrePapierCiseaux", "Exo-PierrePapierCiseaux\Exo-PierrePapierCiseaux.csproj", "{1E548076-D18F-4875-BDCB-5330990AE186}"
EndProject
Project("{9A19103F-16F7-4668-BE54-9A1E7A4F7556}") = "Exo-Divisions", "Exo-Divisions\Exo-Divisions.csproj", "{E64866AD-1EEB-47C3-AD5E-663F924DB642}"
EndProject
Project("{9A19103F-16F7-4668-BE54-9A1E7A4F7556}") = "Exo-BBAN", "Exo-BBAN\Exo-BBAN.csproj", "{CCCCA64F-CDC9-431B-BF5D-6DE3437ACB52}"
EndProject
Project("{9A19103F-16F7-4668-BE54-9A1E7A4F7556}") = "Exo-IBAN", "Exo-IBAN\Exo-IBAN.csproj", "{E0F8C472-0395-49F7-BD3D-288A19806B94}"
EndProject
Project("{9A19103F-16F7-4668-BE54-9A1E7A4F7556}") = "CorrectionExosBoucles", "CorrectionExosBoucles\CorrectionExosBoucles.csproj", "{41228ED0-54CA-403C-8E5F-80EDFA9D5CA3}"
EndProject
Project("{9A19103F-16F7-4668-BE54-9A1E7A4F7556}") = "Exo-TodoList", "Exo-TodoList\Exo-TodoList.csproj", "{62CEBDF6-4533-44C6-9825-7B06EE851674}"
EndProject
Project("{9A19103F-16F7-4668-BE54-9A1E7A4F7556}") = "Exo-CodeCesar", "Exo-CodeCesar\Exo-CodeCesar.csproj", "{2A7F16F4-4D40-4DC7-9269-D2802FB3706C}"
EndProject
Project("{9A19103F-16F7-4668-BE54-9A1E7A4F7556}") = "Exo-AdditionEcrite", "Exo-AdditionEcrite\Exo-AdditionEcrite.csproj", "{A49D9F25-9DF3-49E8-A007-305F4C69283C}"
EndProject
Project("{9A19103F-16F7-4668-BE54-9A1E7A4F7556}") = "Exo-NbPremierOpti", "Exo-NbPremierOpti\Exo-NbPremierOpti.csproj", "{907AFFC7-84D8-44B1-AEFA-D7A421DA54D2}"
EndProject
Project("{9A19103F-16F7-4668-BE54-9A1E7A4F7556}") = "Exo-MatricePoint", "Exo-MatricePoint\Exo-MatricePoint.csproj", "{EEDDDD57-2173-4DF4-B4EB-7A194BD4E7E8}"
EndProject
Project("{FAE04EC0-301F-11D3-BF4B-00C04F79EFBC}") = "Exo-CelsiusFahrenheit", "Exo-CelsiusFahrenheit\Exo-CelsiusFahrenheit.csproj", "{E455305D-761B-4A07-878F-3FD36897CBAA}"
EndProject
Global
	GlobalSection(SolutionConfigurationPlatforms) = preSolution
		Debug|Any CPU = Debug|Any CPU
		Release|Any CPU = Release|Any CPU
	EndGlobalSection
	GlobalSection(ProjectConfigurationPlatforms) = postSolution
		{D1F92429-063E-43CB-8DC9-8F10719FCF25}.Debug|Any CPU.ActiveCfg = Debug|Any CPU
		{D1F92429-063E-43CB-8DC9-8F10719FCF25}.Debug|Any CPU.Build.0 = Debug|Any CPU
		{D1F92429-063E-43CB-8DC9-8F10719FCF25}.Release|Any CPU.ActiveCfg = Release|Any CPU
		{D1F92429-063E-43CB-8DC9-8F10719FCF25}.Release|Any CPU.Build.0 = Release|Any CPU
		{50D20C6A-1B56-4DDE-B17F-B19B8E90629D}.Debug|Any CPU.ActiveCfg = Debug|Any CPU
		{50D20C6A-1B56-4DDE-B17F-B19B8E90629D}.Debug|Any CPU.Build.0 = Debug|Any CPU
		{50D20C6A-1B56-4DDE-B17F-B19B8E90629D}.Release|Any CPU.ActiveCfg = Release|Any CPU
		{50D20C6A-1B56-4DDE-B17F-B19B8E90629D}.Release|Any CPU.Build.0 = Release|Any CPU
		{1E548076-D18F-4875-BDCB-5330990AE186}.Debug|Any CPU.ActiveCfg = Debug|Any CPU
		{1E548076-D18F-4875-BDCB-5330990AE186}.Debug|Any CPU.Build.0 = Debug|Any CPU
		{1E548076-D18F-4875-BDCB-5330990AE186}.Release|Any CPU.ActiveCfg = Release|Any CPU
		{1E548076-D18F-4875-BDCB-5330990AE186}.Release|Any CPU.Build.0 = Release|Any CPU
		{E64866AD-1EEB-47C3-AD5E-663F924DB642}.Debug|Any CPU.ActiveCfg = Debug|Any CPU
		{E64866AD-1EEB-47C3-AD5E-663F924DB642}.Debug|Any CPU.Build.0 = Debug|Any CPU
		{E64866AD-1EEB-47C3-AD5E-663F924DB642}.Release|Any CPU.ActiveCfg = Release|Any CPU
		{E64866AD-1EEB-47C3-AD5E-663F924DB642}.Release|Any CPU.Build.0 = Release|Any CPU
		{CCCCA64F-CDC9-431B-BF5D-6DE3437ACB52}.Debug|Any CPU.ActiveCfg = Debug|Any CPU
		{CCCCA64F-CDC9-431B-BF5D-6DE3437ACB52}.Debug|Any CPU.Build.0 = Debug|Any CPU
		{CCCCA64F-CDC9-431B-BF5D-6DE3437ACB52}.Release|Any CPU.ActiveCfg = Release|Any CPU
		{CCCCA64F-CDC9-431B-BF5D-6DE3437ACB52}.Release|Any CPU.Build.0 = Release|Any CPU
		{E0F8C472-0395-49F7-BD3D-288A19806B94}.Debug|Any CPU.ActiveCfg = Debug|Any CPU
		{E0F8C472-0395-49F7-BD3D-288A19806B94}.Debug|Any CPU.Build.0 = Debug|Any CPU
		{E0F8C472-0395-49F7-BD3D-288A19806B94}.Release|Any CPU.ActiveCfg = Release|Any CPU
		{E0F8C472-0395-49F7-BD3D-288A19806B94}.Release|Any CPU.Build.0 = Release|Any CPU
		{41228ED0-54CA-403C-8E5F-80EDFA9D5CA3}.Debug|Any CPU.ActiveCfg = Debug|Any CPU
		{41228ED0-54CA-403C-8E5F-80EDFA9D5CA3}.Debug|Any CPU.Build.0 = Debug|Any CPU
		{41228ED0-54CA-403C-8E5F-80EDFA9D5CA3}.Release|Any CPU.ActiveCfg = Release|Any CPU
		{41228ED0-54CA-403C-8E5F-80EDFA9D5CA3}.Release|Any CPU.Build.0 = Release|Any CPU
		{62CEBDF6-4533-44C6-9825-7B06EE851674}.Debug|Any CPU.ActiveCfg = Debug|Any CPU
		{62CEBDF6-4533-44C6-9825-7B06EE851674}.Debug|Any CPU.Build.0 = Debug|Any CPU
		{62CEBDF6-4533-44C6-9825-7B06EE851674}.Release|Any CPU.ActiveCfg = Release|Any CPU
		{62CEBDF6-4533-44C6-9825-7B06EE851674}.Release|Any CPU.Build.0 = Release|Any CPU
		{2A7F16F4-4D40-4DC7-9269-D2802FB3706C}.Debug|Any CPU.ActiveCfg = Debug|Any CPU
		{2A7F16F4-4D40-4DC7-9269-D2802FB3706C}.Debug|Any CPU.Build.0 = Debug|Any CPU
		{2A7F16F4-4D40-4DC7-9269-D2802FB3706C}.Release|Any CPU.ActiveCfg = Release|Any CPU
		{2A7F16F4-4D40-4DC7-9269-D2802FB3706C}.Release|Any CPU.Build.0 = Release|Any CPU
		{A49D9F25-9DF3-49E8-A007-305F4C69283C}.Debug|Any CPU.ActiveCfg = Debug|Any CPU
		{A49D9F25-9DF3-49E8-A007-305F4C69283C}.Debug|Any CPU.Build.0 = Debug|Any CPU
		{A49D9F25-9DF3-49E8-A007-305F4C69283C}.Release|Any CPU.ActiveCfg = Release|Any CPU
		{A49D9F25-9DF3-49E8-A007-305F4C69283C}.Release|Any CPU.Build.0 = Release|Any CPU
		{907AFFC7-84D8-44B1-AEFA-D7A421DA54D2}.Debug|Any CPU.ActiveCfg = Debug|Any CPU
		{907AFFC7-84D8-44B1-AEFA-D7A421DA54D2}.Debug|Any CPU.Build.0 = Debug|Any CPU
		{907AFFC7-84D8-44B1-AEFA-D7A421DA54D2}.Release|Any CPU.ActiveCfg = Release|Any CPU
		{907AFFC7-84D8-44B1-AEFA-D7A421DA54D2}.Release|Any CPU.Build.0 = Release|Any CPU
		{EEDDDD57-2173-4DF4-B4EB-7A194BD4E7E8}.Debug|Any CPU.ActiveCfg = Debug|Any CPU
		{EEDDDD57-2173-4DF4-B4EB-7A194BD4E7E8}.Debug|Any CPU.Build.0 = Debug|Any CPU
		{EEDDDD57-2173-4DF4-B4EB-7A194BD4E7E8}.Release|Any CPU.ActiveCfg = Release|Any CPU
		{EEDDDD57-2173-4DF4-B4EB-7A194BD4E7E8}.Release|Any CPU.Build.0 = Release|Any CPU
		{E455305D-761B-4A07-878F-3FD36897CBAA}.Debug|Any CPU.ActiveCfg = Debug|Any CPU
		{E455305D-761B-4A07-878F-3FD36897CBAA}.Debug|Any CPU.Build.0 = Debug|Any CPU
		{E455305D-761B-4A07-878F-3FD36897CBAA}.Release|Any CPU.ActiveCfg = Release|Any CPU
		{E455305D-761B-4A07-878F-3FD36897CBAA}.Release|Any CPU.Build.0 = Release|Any CPU
	EndGlobalSection
	GlobalSection(SolutionProperties) = preSolution
		HideSolutionNode = FALSE
	EndGlobalSection
	GlobalSection(ExtensibilityGlobals) = postSolution
		SolutionGuid = {38EB96B8-79C0-4F8C-8D8D-3CF43F74F8E7}
	EndGlobalSection
EndGlobal
